name: Generate lockfile

on:
  push:
    branches: ['sol/review-p0-p1-capture-fix']

permissions:
  contents: write

jobs:
  lockfile:
    runs-on: ubuntu-latest
    steps:
      - uses: actions/checkout@v4
        with:
          ref: sol/review-p0-p1-capture-fix
      - uses: actions/setup-node@v4
        with:
          node-version: 24
      - name: Generate package lock
        run: npm install --package-lock-only --ignore-scripts
      - name: Commit lockfile when changed
        run: |
          if git diff --quiet -- package-lock.json; then
            echo "package-lock.json is already current"
            exit 0
          fi
          git config user.name "github-actions[bot]"
          git config user.email "41898282+github-actions[bot]@users.noreply.github.com"
          git add package-lock.json
          git commit -m "chore: lock Playwright E2E dependency"
          git push origin HEAD:sol/review-p0-p1-capture-fix
