name: Generate lockfile

on:
  push:
    branches: ['sol/review-p0-p1-capture-fix']

jobs:
  lockfile:
    runs-on: ubuntu-latest
    steps:
      - uses: actions/checkout@v4
      - uses: actions/setup-node@v4
        with:
          node-version: 24
      - name: Generate package lock
        run: npm install --package-lock-only --ignore-scripts
      - uses: actions/upload-artifact@v4
        with:
          name: npm-lockfile
          path: package-lock.json
          if-no-files-found: error
